# This file was autogenerated by uv via the following command:
#    uv export --frozen --format requirements-txt --no-emit-project --no-dev --output-file requirements.lock
annotated-doc==0.0.5 \
    --hash=sha256:117bac03a25ede5df5440e855b32d556049ca169ead221505badf432fed4b101 \
    --hash=sha256:c7e58ce09192557605d8bbd92836d7e1d520ac9580096042c0bfd197efacf1bb
    # via fastapi
annotated-types==0.8.0 \
    --hash=sha256:13b2beaad985e05e2d6407ee4c4f35590b11f8d693a258a561055cac8f64cab7 \
    --hash=sha256:f072f4d804ea359e4eaf198b1af7a8b0943881a87f31bb764f8bf219bb9419e0
    # via pydantic
anyio==4.15.1 \
    --hash=sha256:6152fdbbf9a77fdec97731721bebf7c4c44f7c29b424b0065826173efc7ed101 \
    --hash=sha256:9f28306018cbd6d329e64a36d58256edff76dd996fe423bc957326e578b82a94
    # via
    #   httpx
    #   starlette
certifi==2026.7.22 \
    --hash=sha256:62f22742b58a1a33014a2b6b706588a8d7e2a88ae7bd1a6ebe8c992928483775 \
    --hash=sha256:741e2c3b351ddf169a738da9f2c048608ff7f2c5cc02f1ebc6b118bb090d5d55
    # via
    #   httpcore
    #   httpx
cffi==2.1.1 ; platform_python_implementation != 'PyPy' \
    --hash=sha256:046bfc24911b37851ee1b51aab8bffe713d89c68c6a057b09484ce9fd5f69b4e \
    --hash=sha256:06c72bb76605a4b0cd0aad6930b69d4baf7dd5d806cfc409b824191099700e66 \
    --hash=sha256:0beceaabe56af686895136a2de78db54ecd8e4046b236b8fd6d6cb61389e9bf2 \
    --hash=sha256:19ee6127ee34de7d83ce3d371ebc5ed91addbdcc39f9ab15ce4eb35a4e534971 \
    --hash=sha256:1a18a57b58cfb21fc28d72e876acf10eaed67a1ed96226f92af4df681d571c4c \
    --hash=sha256:1aa5645c30469b09530c4ebca77ebf8f17618293c58f8549cb1a543a50236e7d \
    --hash=sha256:208f941bb9d18e768138677f0a6d2ce01f590df56043dda1df1535ac57c88517 \
    --hash=sha256:210019b6c7cf07f081b4c54635c8cf744377001350e29cc0f81c4377b4797735 \
    --hash=sha256:246fa40ce8645a614ff682e0b70f37134e460eaf93a775e0cbe3cca585a67a80 \
    --hash=sha256:25792eac27877609e7bb06d42ff88278a6624fff2ba9bbb523c09616b117e80f \
    --hash=sha256:27350daa11d4f10c540e6e89dada4c54feb7256ad03e9a4dc075ebad7ba360d1 \
    --hash=sha256:28907ab9bfb6aa13184cfc17c6b8e1023c5ab6fd7076d8c20a35e59fe04f8f29 \
    --hash=sha256:2ae64be792b8966f2c69538199728b290e34726562896df1e5dc8ffd8d8188e8 \
    --hash=sha256:31348097ff5bbe827ccc41795d4dd099d9f0625e7def00ee653c137a490c2a6c \
    --hash=sha256:3143d81e29e1e20a9ce10901ec369012947876596f75a222235965f2b7ae832e \
    --hash=sha256:3222ba5d678f80a030e6afbcc33dc1ae5cb45facabb61cee2c7016b8432fde48 \
    --hash=sha256:334644fbac4eff73d985a17a91226df55d0f394160c4cfb880e084c8f7161cac \
    --hash=sha256:363e05fa78e15116c3c32c210ee36884fd6b9afa6d440e47112c3bd511d64cb6 \
    --hash=sha256:42a494cee34437f05546455144f2b5d9ac09b1face62bcfce597d2e521066688 \
    --hash=sha256:456a61fa52d579ebf9df2e9552ead5129855dbaff6c1e5a9b1bc408809bdc062 \
    --hash=sha256:471cee653ae88de62096552e6d24ccb4a5adb8c8c9f10b5054d0122c15bf2779 \
    --hash=sha256:49cbc70e6542d4ccccb936558d1064a8012541e78f821f955cff24e357776c94 \
    --hash=sha256:4a7c934f7360e8cd64fe9efadcbd10c7c6364f531e432b9a4bf5ccbc9e0e8b50 \
    --hash=sha256:4be96343e422f2dfcd12ab5c9f5aebe03f82f737c6bffeca6830b3875cb44aab \
    --hash=sha256:4f42141fc14250de6dde5ee7ea4432be017252d91f19c5ad043c084cea629cac \
    --hash=sha256:507a24c282e0f42f8ed737cf048572cbf580468da5555764a8331735e9c736b6 \
    --hash=sha256:51b31d1c98274844cfd7838ce00bfc27c7423a4dc00fc0772fc3331c2cc90676 \
    --hash=sha256:58acb8ab8e295e6c5ea12f888cbb13cf21511ef2a3303a23f4325c29d17fe5c1 \
    --hash=sha256:5c58fe613dc5e5336357eff555824a314d8e43282600435c8d1cb6a7a2fedd13 \
    --hash=sha256:5e7cecbaadb83884793e05828cee59b210b24583b9c7425d0ba6a754fe22eb4e \
    --hash=sha256:616f097f2fe415bc92a247f02e11f634e1f9e9a83d327e3c915c15089c87869e \
    --hash=sha256:63bbfd5ded17c4840ac07cd8f1c21ba9d9708141f840b324f422f41b207e3973 \
    --hash=sha256:64faea20f4e2613363a1a9b9c7dd73058f3ecd00133a511e72ad7c511658f527 \
    --hash=sha256:661c298b4821edebead0c91edd2b00374d67ad7c5a1f7a91d4442633b79d6a72 \
    --hash=sha256:68e62fe11f30d5ca8289242866f0a5291402d8529ca2178ab8afc5c9694ae890 \
    --hash=sha256:6a8dddef476fab96d066d578fc88526767b836ab5ab21754e1d5bf3879c31c7c \
    --hash=sha256:770de9db11e84213beec501cfcaa013b019820ca881e03344dea5844f7876d94 \
    --hash=sha256:7750c6449dff7864bb9bb27ddfb0267756189201a3afc911d82b3caacd70dfc3 \
    --hash=sha256:7bde5e4cc5c10140859842b9d383af292b22639a4dffb725314baf45968cef80 \
    --hash=sha256:7da0c5eff80f0197f3b3d1232ec5a682a9325f4ae9016a78f5f5ca35f9ced1f5 \
    --hash=sha256:7dbb61fe3a7699468030f71bbe5f8a0e326a151daa91beb11a6fc1f980c55e1c \
    --hash=sha256:811bd1e21d32de12efca32393a0ab3f5133b54fce9bd44b8bd77ab07da14bf6a \
    --hash=sha256:8ef53b2de9bcb9197d31854256575d59dbac0cba72ac627bb291ef5eceb74be4 \
    --hash=sha256:937c0052c05a31ca1daf18de3158eed4dbfcb9cc107adbea227728d647be701e \
    --hash=sha256:9d2055050ea716bd38b7f7f1579c275386646b4894c155a3e2f3cd62ed41b7c6 \
    --hash=sha256:a2d7755bef5a12ed488f4ef1f1b69ee9191d7396083b755a5d2295f6edb4768b \
    --hash=sha256:a4f00aa42f75d6e4595e8866e748cc1705adc0cddfeb2ca86d0d03993d63ba03 \
    --hash=sha256:a730a083190634c65cca36ba5f489531576ebd79bcd5c8e172130f6453127231 \
    --hash=sha256:a931079504ecc49efed7744c476a5c343a92fabf66dec2db95edb1b2fdc770e2 \
    --hash=sha256:aa9511c62d14da7aacc9b4bf51f3f697a621e83b2d6919008243c3aad168eea3 \
    --hash=sha256:ab36d55f9ed2d067327667c2fea18dda018eb628dd6347aa01dda6cf1f5d3836 \
    --hash=sha256:ad2c86c495b899d862ea0f4b42891b8713a3bd45dd4105c7fd51c2a72f39f3a5 \
    --hash=sha256:aeae0e330c9f6acd681f647d46cefd30c29f93e3392882e792e82080c9691399 \
    --hash=sha256:b0431303acaea1089ad4b3e9ce4e6518193def1118d4073ca848635ee4ea2e96 \
    --hash=sha256:b5bdfd1c873d4e093aabc0ca84c4ca6dbc4f752afb5c86f146d9742580c9da2e \
    --hash=sha256:c1453022f490d2459a11819d83ad1d586e9ff65a12ac3e705ffebd46d3685dcf \
    --hash=sha256:c26608d2222fb1e94487e4a387d85f13eb55d5ed725cb25a0c589ac4ee60e7bc \
    --hash=sha256:c8c69575568085ba0b1b10c0249d779a214aea6f6522e949a0fc9fb0fcb449d0 \
    --hash=sha256:cc572dace3f60ef98d7b12ff411d20f5362feb31a0439eab0085bbfd349982d7 \
    --hash=sha256:d18e5ac0f2f03f4f518d3e23db0f0cad7faa1da8620e9c09461d443bbf6e6692 \
    --hash=sha256:d28630f5854ab07ab1fd4aba756de52326c82e6be15d414b12793f1975048b54 \
    --hash=sha256:d9c275eaacd24aa73f94ffd6de08fc3f932424d8b6c376f4bed7cde376fe7bc3 \
    --hash=sha256:da0e573f9f97159390c89d9f1a9e41908b66d408cc5b58d08cf3847d844c531b \
    --hash=sha256:dd31f52ea1086513bb9df30f8fcee9b8918323ae067a3d5b78bc826a000712be \
    --hash=sha256:dddad92b554513a31f272570678ba307fb9f618f05e3d4a5eacafff9eae03e1d \
    --hash=sha256:df423d40ee8654634421812bc3b196da3f9bd7d32929da813f8394c4348a5358 \
    --hash=sha256:e0bcb7e0f677f543555d2adff3bf19c05f66cdb4796e5ff602442ab2fe3c4ef7 \
    --hash=sha256:e2d65b31f36619cda3999b78b2aa9632e76b78448e7a56fc4240824200e7c4fc \
    --hash=sha256:e6e8cff14d6fb0be70a09c0bdc58096f501952d04624ebf867e0e56da2df8960 \
    --hash=sha256:f16c709686a78c727bbbf059f92b0bf41c6fc60deec706d2dc19f529175a6125 \
    --hash=sha256:f24fb43132a4c6b4cb4eb029492919b2db645be6808d738f244fd146c03c32cb \
    --hash=sha256:f53e442b08449d42821fa4a4fba000095af9f62742a500f978a9f557ec44339a \
    --hash=sha256:f81b3b8f3d4e343550fa4baa0e479bba9f2d29ce9c2e9b51d1ce1718d7442fcf \
    --hash=sha256:fb92203a88b3d3053034db775110081c49d28be6551923805e039924093761e4 \
    --hash=sha256:fcd22650c908d7b7da162bbfaab594a1227a15d1643a98c68b122ac642fa2264
    # via cryptography
click==8.5.0 \
    --hash=sha256:255bc9599cf7748b4b1a446ccc735421bd08a2ae529a8b88597d3de5664ee360 \
    --hash=sha256:ba0d2089de75ea0310e2dde03160e6ca10009947fb95a182f9b54021bb272e34
    # via uvicorn
confluent-kafka==2.16.0 \
    --hash=sha256:0eabaccf63c08791db84d00e0ed800b9429a4765c0fa9cf462c3c64bc354a4b3 \
    --hash=sha256:0ed7c45e685ccb98c98f3c0d3d73f92840ed85e0e625f1f6905b4368b27de4bf \
    --hash=sha256:25226a4c3f8529cb86e057feab497edfedab9cee1f2f902e31fe0fc7e526be29 \
    --hash=sha256:2a7f85d4a433890e079c28159b9402054f1ef7e873a9c1f9ec85435963ee4159 \
    --hash=sha256:311744d99408842e158dfb00a4e5acd66af6334fb61d2db6c35d6946bbe6a047 \
    --hash=sha256:3b00c1ea376d80288b03f36389d603c3d9fef9f62a5e180f48565ac1c6368004 \
    --hash=sha256:4785b1d55c6e8e1594a05efbac45f265f50303e8057fc3bc64beb28bc5e602c3 \
    --hash=sha256:52bbb9e5352d1db6a4fc9132d831b6ae34c7a2cb2c38a4ce6b464ae3268b6f6a \
    --hash=sha256:5a68941472a227d535a7daa62398167d3f44adb19374e62dc593fc47493b5a3b \
    --hash=sha256:5b1638e74b51aba10184154b0a3cbc82647f0f17e14d9d0abaa2099b27863c1b \
    --hash=sha256:5b3adb61cfbde5eab27e0a46bdda6913ed70fb5bb716e7f78b8bf664e10781da \
    --hash=sha256:6ae9c086f1f2d41e86d5307dc782311cc3d885e9462ca45fe114eea71bcf4c88 \
    --hash=sha256:8268b8763a0c0503a99a55a9cac0132ed010932135d4222f67e2c804d1597508 \
    --hash=sha256:8cc01eb5098291965cb40a627e53de60fbdfe0c09249b22ba92676618ccb2b3f \
    --hash=sha256:8d56025d586601219b75485865ac2f5021a707d51e860e2fc8d8a53667731e9d \
    --hash=sha256:a0a02f9a25b4b97854fd0f06e71c874f3581d734cd117257d6ca62a67a7c0ce9 \
    --hash=sha256:abb386d796aa6cfd0276787b1e8570af82ee293cb77a8cbbb9b0f88d20f99eeb \
    --hash=sha256:b17d59272c8cbb188139cac3d22b95ef6b1e7b8df30df9b4a6a783c036291f82 \
    --hash=sha256:b19f5a57c751c924704d98f8415cbfd0b6aec44c43e6442564f8b2a9c44016a2 \
    --hash=sha256:d3543790aa73a62a68c988c4f5e31e8d3eaedd03c88f4d20021681e54c43d419 \
    --hash=sha256:d727998de5fdc305be99e5d32ffe1e66abaad4fba8588634f81519052aa0df31 \
    --hash=sha256:dceeec985d5c661a5c4bb6b16b5f0675da7a8c7e37af13f3bd70f4568aa1a74d \
    --hash=sha256:e741b846bf3f04afac3724a759d4853c27e26a79cdc5f8b0bd2bb385291ea09b \
    --hash=sha256:f80963038fc284c042151bae9c7312b9236f9a17c271f7b33bfbff5b75d2ad84 \
    --hash=sha256:fca48bb1b929b9cffae3109f43b1fab64bbfe0ffaada94372ffbcaf41668abe3
    # via pm-data-platform
cryptography==50.0.2 \
    --hash=sha256:0ddc924c04591c2811ca024d62ecad4f7f6f08af8939c211438f48a16bd23602 \
    --hash=sha256:0ec5f09541743261e66e291b4a0cbf0fb2997aeaab6d9e9c740b9dba1b58d1c2 \
    --hash=sha256:0ecbc5652bdb6fc9eaf89a7d196e20941adfe812f43bc4ca05d9150496821047 \
    --hash=sha256:1981f1db4630889b9ef7803fadef12b056f428cb6b85c27ba57b774793b6093c \
    --hash=sha256:241449bf940a5d27309bd317e6f9a2af6932113818bb2b8f5c59ddc7ef16da18 \
    --hash=sha256:25784ce8b9621c90c643efb9e1e2162ab3b0224cae446ad5e70e7fcb1ce18b51 \
    --hash=sha256:4061c0079120205fb760c58acab6443e217307dcf05e3702cf970e0689972856 \
    --hash=sha256:4a20ce1e5cb4284a86692fdcba7cb8754185c6b2e5c56fcef3751cf451d3cdc2 \
    --hash=sha256:4e81d95e5bafc2d6e34e4bed780e53e4d5b9a2f928573428aa4d35fbec1eb0de \
    --hash=sha256:58a0c478eeca76fe5e07993c5a0703def34a6dc6a0cda4f5564639b33112ffe7 \
    --hash=sha256:58ddb5a8e3179d12f19e4ea34d2d32e9d63a4baa142c875c1eb59f41b7243acd \
    --hash=sha256:630ebfea3bf689d075f82316324ff7433dc447fe6bc1bfc76524b74b4a9567d2 \
    --hash=sha256:6f8700550aa1474a91e5dc07049c46f98b423b5b1ddd0483e0b51362eeeaf5be \
    --hash=sha256:78198641e5be9521beea5aa782bb551a58068d10e6eb04c9c680c1b69f2e7d45 \
    --hash=sha256:79def8d059362e7831389ed3be0ecdf58a89386e1271e35dd9f5af84e81bffd0 \
    --hash=sha256:7a8701d6b584d76e909e3d305b7d126b41439876a5aaf76cddc67fc230eafa2e \
    --hash=sha256:7afa5a6602a9f29af1f3a2965f831bae7c9d5d597b7cbb716d41ab3b7d89879c \
    --hash=sha256:7b46165bb56eb4704e2eaaf86f3c940d19154535d9b0ca7d6d590b04060e00d5 \
    --hash=sha256:828d49b0ff5a0e3975865571c5d91dbbdd0d38d8289b249a163e9425413a5e05 \
    --hash=sha256:84f964e537f916e2cc85199e5a88742e964939b575ac8598b3f9d6cc416cdaf1 \
    --hash=sha256:85d0d9a31b9098e98534226d5686b47264b95e62ce459dc2e62fdfc809f9fe93 \
    --hash=sha256:87e9ce85beb6b328ba370cc6e6aea483c92617b4c95b1d33a49297eb662bfb04 \
    --hash=sha256:8c71ba2cd31fc93748c38e1b613200ff1c2665cbfd5341fe3a61cfde35a1430e \
    --hash=sha256:94e5e9f108ee10471288214d3d233fbfbb492840a8457eb85178d643ddeb32c7 \
    --hash=sha256:9c8402a82ea0dc4ceeab793db05f0fafa8ca139ca34fcde5df0f596103c74107 \
    --hash=sha256:9dab55f57c74c3cad24c323bacbbd04be4705ba6eb0d92e920b1fc4837ed5079 \
    --hash=sha256:a582ab2ae1d34f67112cadc86702774c9ea4374df6bca6afe672817203c99134 \
    --hash=sha256:a6557e5f38e065ca9fbdaf7cfc7435ecb1d113aa81a022d1b51921ee7432e227 \
    --hash=sha256:a9f7355e6fab51f6c369b86fb7571cffa05edee2c2121e0380a37fb9ac1cd5c1 \
    --hash=sha256:ab50ee449bf968271e820086f10a33d101dd060370abc10bcd22279be2656539 \
    --hash=sha256:ac9ed99d81760c62fe89d5f0815cdfa1ba9a35141cf30f1c2d044f04b4803d2e \
    --hash=sha256:b13478603dcd0a2479ff8e87e2c19a7d525734686fe3c49542472293a204212d \
    --hash=sha256:c423ab384a46c4dff7217b2ea5ba2e11cffdeab6441acd04cf65a369caf0366c \
    --hash=sha256:c5e67125c7dca78d199ec4e116aa93dbb83494808ecbb8211a2cb09b1bf41dbd \
    --hash=sha256:c71be1cbfa5cd9a41ee452acf1eccd82b2c05950358b106ec8ceb83411d1a020 \
    --hash=sha256:cbc8738fd8526d80f35cb3a40d41f41a2e7030bb3b18b09a6778ef63d291c2fd \
    --hash=sha256:ce47f66801c20ec6c6632453bb5960fe38939e9306970b48b3a5a26de7745d94 \
    --hash=sha256:d370b8d1dfcdf7130178137f6fbee6140774a1acc6cacefc4b42643ec11d0a3a \
    --hash=sha256:d38cdff612d06fa6a32840d5e1b1f7a27cee4a349aa9085d94a67789d6bfd408 \
    --hash=sha256:d8947001be83df1394050758ce0e745dd74fb134eef0a4b5124208dfc3a68c37 \
    --hash=sha256:deb9fde5c60e437ee4821bc9bc39ff31b42135c27e1dc61ef0a629389c1de62e \
    --hash=sha256:dfe9763530994147d9af1def057a5b9658b00e8f8fe8743d144d1e0911c2e454 \
    --hash=sha256:e105ab60406787da31fccc883fc0f733af1efd78f0136a4599692c4083a73d0c \
    --hash=sha256:e275096ea1e60cc595cda2836fd4a6c725d1125108b868be17f53684d164e2cc \
    --hash=sha256:edc3342adf8f697fc5f59c887a304356f147b397809440ed64e2fa6af2f50f37 \
    --hash=sha256:ee247f5c245c9a2fe7c8e2214e295918838e44e00a45a6718451e4004219e767 \
    --hash=sha256:f21e8a22c8605750c7af886bab299a363721264061b4ac0a30efb73cfd58efc5 \
    --hash=sha256:f265528741e048bce55c3463ed721fb0aa45a5888d8add8cfeccb3035451bbdc \
    --hash=sha256:f2f9bd7f90c64fe89253f0a2c05e3c4856072660429ce8831b4235bf29403a67 \
    --hash=sha256:f785f6161f202ab04d8ca194158968798e480ca058943907972da5f12e2881e8 \
    --hash=sha256:f9f6143a8c75945eb960d9eb98905a441394abfa24afaae239d514ffb2586480 \
    --hash=sha256:fa8f5efb344d6908a1ce62f4a24e2e5780f825d6f53f5f50ec5ffacac72936cb \
    --hash=sha256:fdd28f912fccfec1846a94e2e1e8f9b0012f557f0c46fe4f3eb0d7a87afcf90b
    # via pm-data-platform
duckdb==1.5.6 \
    --hash=sha256:09ff51b230219f0d8b47fc8a1e17fb595ba9fab0c3d96a6de4d00b8ff86b3cf1 \
    --hash=sha256:1052b8050ef5696e2c0d8c836949c72f3dd11f0690466acbea739613e8e2750b \
    --hash=sha256:166a91dbfacfc0c9f08cc76c0243cb6d3d4296bfab5bad72a3cfb63140a5b7c8 \
    --hash=sha256:19c5e485e59613b8878d1670bcaa7a010f53c5a4da5ae8e08863e5e529ca6182 \
    --hash=sha256:364992ba1089a2b327391cfcb68fd0bd0ce9090cf293baef861a0ba6847abfee \
    --hash=sha256:41ecc75bb9328d72d154a705c1a653d2c5c60f686a5c0c6578aa80020753c884 \
    --hash=sha256:48d07d0651aaeac2c3974afd37599970154b7b79b54c18f27c319c14ccf98d9d \
    --hash=sha256:5a1261e90785e9d29953293e44f60fa073bd1137098924e8de21a037a861b051 \
    --hash=sha256:644f54ce99b3b61844bc9a3fe80e0aecb1ea4084b1fffc4396d1569db6111679 \
    --hash=sha256:79de3dfa8705b1ba0d59e7e3252e40ff399e0afd12f485502a6c7bf7c2fd809a \
    --hash=sha256:820a8384faef11cd86068ea48c5da57ce2d8f1c7b3d2bdb9be3398317a7c3728 \
    --hash=sha256:8a1b2ad27d414068cbca06c55cfa802eece10f86ea4812ff082f8ab4cb25fc85 \
    --hash=sha256:97dd7a555b8f5298b76bc7d48a11cb2c64336e8de9bfde783cffb86ea9f54807 \
    --hash=sha256:aa21d2ad803b2524326e8622d7d96b2bb1ff1d5b60368e1978ee805df9c21fb3 \
    --hash=sha256:ae352646374cacf48e9981cf031191c494865192fc436d13667a2531fc5d1da3 \
    --hash=sha256:b8d795c8b2d5634b3269f974aa97f1fdf878f62f032317a52252a151b693fb1e \
    --hash=sha256:bc9619ed7d4ffa117b5155d84b44794366bb6635178d78ed5e13a6024845c757 \
    --hash=sha256:c79c6d222b1d015cde73b5139087186b00db65357fb4e2c94c2308fbbf465a72 \
    --hash=sha256:ce89a1025a5317ebe9c520876c48032b5247ac574865486648b1a004f6009875 \
    --hash=sha256:ced693d33ddcee2e5345f077d342c87d2aaa80e41c514e64c9ff2d4e5963c251 \
    --hash=sha256:dcccce20965e6986cd083fdf192c461685ad0b93cd1ccd0b2a8207f1185f078b \
    --hash=sha256:ebcbd09cd8578ab1093393e9b16289cda0e8f1791ac595bf00eb5bad75c3cf00
    # via pm-data-platform
fastapi==0.142.4 \
    --hash=sha256:7fe2e254a0a948b88f432b02b8f627463285248233bba0998ed9640191e2ff57 \
    --hash=sha256:8a651aa071a9f92c8217cca1d0b044bf9c326f336578be0a728a1a1f22ec52d2
    # via pm-data-platform
h11==0.16.0 \
    --hash=sha256:4e35b956cf45792e4caa5885e69fba00bdbc6ffafbfa020300e549b208ee5ff1 \
    --hash=sha256:63cf8bbe7522de3bf65932fda1d9c2772064ffb3dae62d55932da54b31cb6c86
    # via
    #   httpcore
    #   uvicorn
hdrhistogram==0.10.7 \
    --hash=sha256:0026faa6e7364dda08068924271c1a9143fb99a28b4d88281df33004d24d342a \
    --hash=sha256:02f9c64e1a229580805c9a4dc149348de8b72d76f25e2ea76b49df46911ddded \
    --hash=sha256:1606c12218bc20a486e0b8433e01f71019c3e3a606f294cff0019c7e5814b834 \
    --hash=sha256:16bba4a80d90a89cb6ce783374faadc47d1f42adb1f0649428e04956353a0d12 \
    --hash=sha256:1ff91aba2a0026ebc72b9af602537dbdc629711dc00cca738b9e7232d8772eb2 \
    --hash=sha256:2241f3e1f7449eb3013a866b5a21e83c8bdc59c8ade447b7f7fe8494e367f6d8 \
    --hash=sha256:2757e885a767e35be97094f07acbf9a76750c556afbb25d40111b5560786887e \
    --hash=sha256:5c993e238a1e174fcb9fe3039d54167774ed1af1e817c775164072428f0cfd50 \
    --hash=sha256:7510bf1e61ce5eab2d6d3150ef2fa59e4d286f056a1e7ac83e9625e36b9161ac \
    --hash=sha256:7bafdf18bcb142c0fe47c7b64ae3bd911b0593df4d04f1113a2ba88f05dd989d \
    --hash=sha256:9c227e975480d1047debcac98458942053ac3f18862030800f6a68741dfaeb4a \
    --hash=sha256:a510ef75cb3e3e8f700db3b0de8e1abd569fb27d8f7cd3d15864a2add34105bf \
    --hash=sha256:bed4785a5e40e6260306e8e27ee3d31299263640cd7618040df88447ed57c2bd \
    --hash=sha256:e1aa1713caabe8677b36d1ebbe1ffa9a1b1e61cb0e230d06b01f08e96df5aafb \
    --hash=sha256:e89342a35aadd25210da5d3ff2dc483ad773b3a83ca659a5ac5ca1534f0c823b \
    --hash=sha256:ec633038b161c927d8ca16bff53c89da1109200a77148ab705833883de968b0e
    # via pm-data-platform
httpcore==1.0.9 \
    --hash=sha256:2d400746a40668fc9dec9810239072b40b4484b640a8c38fd654a024c7a1bf55 \
    --hash=sha256:6e34463af53fd2ab5d807f399a9b45ea31c3dfa2276f15a2c3f00afff6e176e8
    # via httpx
httpx==0.28.1 \
    --hash=sha256:75e98c5f16b0f35b567856f597f06ff2270a374470a5c2392242528e3e3e42fc \
    --hash=sha256:d909fcccc110f8c7faf814ca82a9a4d816bc5a6dbfea25d6591d6985b8ba59ad
    # via pm-data-platform
idna==3.20 \
    --hash=sha256:a7db850025b95ded1eae8a46181a1a6c56c92c96f0e2b005d9ff8dc0210cab44 \
    --hash=sha256:ab7ae7122974553370f0bdb919e1a960b2cd1bc1ef0276416d896db81c14582c
    # via
    #   anyio
    #   httpx
opentelemetry-api==1.45.1 \
    --hash=sha256:aa38ed19bcc084ba42782a73255b3582283eced7ad6dddbd6695189e69adfb75 \
    --hash=sha256:b31553efa588ae44bc306f863c785c5333a9ecc091248c6ee68b4b6c87fdedfb
    # via fastapi
pbr==7.1.3 \
    --hash=sha256:6583e878a1d97cb135fdc509811f31b9235905cde8d4dacd3dbadf9efc45d745 \
    --hash=sha256:9a4a85b84e906337708009af0b5f5cdabeeb72d4dc213c9e97974da54fd9acc5
    # via hdrhistogram
prometheus-client==0.26.0 \
    --hash=sha256:04a91bcf94e2cf74a44a1a874d651a2e853ed354b6e822f3b7487751465d5c2b \
    --hash=sha256:fa93d06737aa02bacd05794768508bb97d2fbee28cb3bca04eaae92f0ca953d6
    # via pm-data-platform
pyarrow==23.0.1 \
    --hash=sha256:00be9576d970c31defb5c32eb72ef585bf600ef6d0a82d5eccaae96639cf9d07 \
    --hash=sha256:07deae7783782ac7250989a7b2ecde9b3c343a643f82e8a4df03d93b633006f0 \
    --hash=sha256:0b95a3994f015be13c63148fef8832e8a23938128c185ee951c98908a696e0eb \
    --hash=sha256:17cd28e906c18af486a499422740298c52d7c6795344ea5002a7720b4eadf16d \
    --hash=sha256:29f7f7419a0e30264ea261fdc0e5fe63ce5a6095003db2945d7cd78df391a7e1 \
    --hash=sha256:33d648dc25b51fd8055c19e4261e813dfc4d2427f068bcecc8b53d01b81b0500 \
    --hash=sha256:3a4c85ef66c134161987c17b147d6bffdca4566f9a4c1d81a0a01cdf08414ea5 \
    --hash=sha256:46718a220d64677c93bc243af1d44b55998255427588e400677d7192671845c7 \
    --hash=sha256:4982d71350b1a6e5cfe1af742c53dfb759b11ce14141870d05d9e540d13bc5d1 \
    --hash=sha256:527e8d899f14bd15b740cd5a54ad56b7f98044955373a17179d5956ddb93d9ce \
    --hash=sha256:564baf97c858ecc03ec01a41062e8f4698abc3e6e2acd79c01c2e97880a19730 \
    --hash=sha256:5c16ed4f53247fa3ffb12a14d236de4213a4415d127fe9cebed33d51671113e2 \
    --hash=sha256:5df1161da23636a70838099d4aaa65142777185cc0cdba4037a18cee7d8db9ca \
    --hash=sha256:5f4763b83c11c16e5f4c15601ba6dfa849e20723b46aa2617cb4bffe8768479f \
    --hash=sha256:6b8fda694640b00e8af3c824f99f789e836720aa8c9379fb435d4c4953a756b8 \
    --hash=sha256:7044b442f184d84e2351e5084600f0d7343d6117aabcbc1ac78eb1ae11eb4125 \
    --hash=sha256:71c5be5cbf1e1cb6169d2a0980850bccb558ddc9b747b6206435313c47c37677 \
    --hash=sha256:76e823d0e86b4fb5e1cf4a58d293036e678b5a4b03539be933d3b31f9406859f \
    --hash=sha256:7707d2b6673f7de054e2e83d59f9e805939038eebe1763fe811ee8fa5c0cd1a7 \
    --hash=sha256:813d99f31275919c383aab17f0f455a04f5a429c261cc411b1e9a8f5e4aaaa05 \
    --hash=sha256:86ff03fb9f1a320266e0de855dee4b17da6794c595d207f89bba40d16b5c78b9 \
    --hash=sha256:8ff51b1addc469b9444b7c6f3548e19dc931b172ab234e995a60aea9f6e6025f \
    --hash=sha256:9b6f4f17b43bc39d56fec96e53fe89d94bac3eb134137964371b45352d40d0c2 \
    --hash=sha256:9fc13fc6c403d1337acab46a2c4346ca6c9dec5780c3c697cf8abfd5e19b6b37 \
    --hash=sha256:a09f3876e87f48bc2f13583ab551f0379e5dfb83210391e68ace404181a20690 \
    --hash=sha256:a35581e856a2fafa12f3f54fce4331862b1cfb0bef5758347a858a4aa9d6bae8 \
    --hash=sha256:a62e1899e3078bf65943078b3ad2a6ddcacf2373bc06379aac61b1e548a75814 \
    --hash=sha256:b8c5873e33440b2bc2f4a79d2b47017a89c5a24116c055625e6f2ee50523f019 \
    --hash=sha256:bf5842f960cddd2ef757d486041d57c96483efc295a8c4a0e20e704cbbf39c67 \
    --hash=sha256:c2139549494445609f35a5cda4eb94e2c9e4d704ce60a095b342f82460c73a83 \
    --hash=sha256:c250248f1fe266db627921c89b47b7c06fee0489ad95b04d50353537d74d6886 \
    --hash=sha256:cd395abf8f91c673dd3589cadc8cc1ee4e8674fa61b2e923c8dd215d9c7d1f41 \
    --hash=sha256:cecfb12ef629cf6be0b1887f9f86463b0dd3dc3195ae6224e74006be4736035a \
    --hash=sha256:df088e8f640c9fae3b1f495b3c64755c4e719091caf250f3a74d095ddf3c836d \
    --hash=sha256:f4b0dbfa124c0bb161f8b5ebb40f1a680b70279aa0c9901d44a2b5a20806039f \
    --hash=sha256:fa8e51cb04b9f8c9c5ace6bab63af9a1f88d35c0d6cbf53e8c17c098552285e1
    # via pm-data-platform
pycparser==3.0 ; implementation_name != 'PyPy' and platform_python_implementation != 'PyPy' \
    --hash=sha256:600f49d217304a5902ac3c37e1281c9fe94e4d0489de643a9504c5cdfdfc6b29 \
    --hash=sha256:b727414169a36b7d524c1c3e31839a521725078d7b2ff038656844266160a992
    # via cffi
pydantic==2.13.5 \
    --hash=sha256:346a034f080da3755d8e9cb5e00e8b07de1d39e4f6e2c87d8ab7cafa0b269a73 \
    --hash=sha256:51a9c5f7b2f8e636f04c6cada605d9b6a3bf1348fdf945a3d8869b19bba0ee08
    # via
    #   fastapi
    #   pm-data-platform
pydantic-core==2.46.5 \
    --hash=sha256:013d6f3483d81e02e7c328831808f336c8596ee33b4bd4026b9ffb1e960b8942 \
    --hash=sha256:03b9666e41e35d8909852ba191a0607520f81b74eaf12ccf8737005dbb313821 \
    --hash=sha256:045ab3b6d308439e32b81cc173bba5b9018bc6ed896afd0c65b3b009b1699af5 \
    --hash=sha256:0cdbada856a1c69a7624a64d3d9aefe79300bd6ef827b43a4f265010b9b55184 \
    --hash=sha256:0fc5be0abd4a407e200d844b404e33639a554e7bd0d448e7b9ae181be4789ac2 \
    --hash=sha256:10416c15b8839ecc4ef4d0885da76da6fd0f67333a0eb8aff6d93c4b8f2910fc \
    --hash=sha256:15f4a94963c95accac15b7b657bb177d3ad82bb90b0d0526d9a9b85079925db5 \
    --hash=sha256:18a09e1e1011b462f2e32774f25859ef1223d5c2b0546a633cf56654710721e0 \
    --hash=sha256:193375f3548919d3f0b60936ca113ada3e38f264f91b9b8e0508efaad57be931 \
    --hash=sha256:1a353f84de772f423b5ffb11d7ae352fbbef0f446f3c0b0af0f8236d7233606e \
    --hash=sha256:24922243639cbdac66c75fcb6fd6495a9cb52b213d62f9a0d16f0310b1ff8038 \
    --hash=sha256:2bc9419666990c06d7397831f2126a1ecc3594aaa3ff7de5bf2d066802f4e07b \
    --hash=sha256:2cbd9a5eff05e51c447c34dfa4632145b26b09120cf04bd0c871e44c1a5e1c9a \
    --hash=sha256:2d5d76654becf5efd62c9e51c3756c67b49498b0c9a40884934c40807adbd074 \
    --hash=sha256:347ec774390c87326a2e4929d58d3f7e8763a104d5d35f4cd595a4c952366433 \
    --hash=sha256:37ae34309d7bd8c0d61ab839668058f2a7962ea1fc51d105d2db228fe0618034 \
    --hash=sha256:37ea7b83c935e5b0d68c9449b82651accf78a10828b2c02b2f2d9e9496446c21 \
    --hash=sha256:46c25dda9d092a06c08db76ffe0a197107904d0dfac653f7d5306bbcd6d6119c \
    --hash=sha256:4fdc8b93a41521988916eeaa271173fcca7fa0803d62f87675aac8dcec1c8e29 \
    --hash=sha256:5086029a57366b8cf81b130a43908738095c270c21a8d7f0e8bdfdb89718e2f3 \
    --hash=sha256:52e24eacdb536cade636aa90fb851835222becff8484b7001fdc78cb0290f2aa \
    --hash=sha256:545f26c504b27c3758439a5e6d9349931f0a04f855668d5fe323c89e82300a38 \
    --hash=sha256:54d510bac3ee52247af28ed4bb18a1e799f040ac60fd2bf5ccd4c92f1fbe786f \
    --hash=sha256:5cb482e9e84c851f4e623fe4acc1ced89168cf1fe18f7089db4548c8f5bbb65b \
    --hash=sha256:5e81740c09e310f5aa5cbd3e434a01c154d4bef93241c7877b39f211d2b78ba8 \
    --hash=sha256:5ee239d575f80b08eca11f6e20f90c4c695de7825c67eefe6091fbf20dda648e \
    --hash=sha256:5f194189415698233dd1114a093a9b56e61e2c57e11b469be3b0506f46f0771c \
    --hash=sha256:6f7b393a8b3da82f5c1fc0751e6d01ac6c55b93c18226a60bdfba4a724efafd1 \
    --hash=sha256:79bdfa52f843137045b2d081cc05c120ba6665d29b7559c2c47690906f39279f \
    --hash=sha256:7ac031912d54f3d83ef3b3eb98dfabc1608802e2202263d25957eeed40b94761 \
    --hash=sha256:816ff0a6550ffc06c098ccd2e0698600f9aa7da192a79eaa6f9af504a35db869 \
    --hash=sha256:82a36973cf8a2ef5406f4fe2edbf8ed0c99629535d959e0b100c76a32535a111 \
    --hash=sha256:837b396ca3d7b74091ca623f6cbd8351bd42d670a79c2683e79fb089f06a2de5 \
    --hash=sha256:8816f3d218beb4b787de5c9759c259b8fa61f9dec42dc7811f320a33771778b7 \
    --hash=sha256:8e24d8f05fa2d28513d94e877e9c75ad66175376209b3977f916e240e623193c \
    --hash=sha256:976e1128455aa595ea04c79ccfedff1aaeab96ee013fcc916bed120c4f0ad94f \
    --hash=sha256:97bf8de4d541598c94a59344eeb988a94c08ff76b5723c41f6567ec18c7892ea \
    --hash=sha256:97cf3eb53a8cccacf9d46686a0926186c9bfb5574f2ed66d3639d5fe117cd3a9 \
    --hash=sha256:9c4b71f10dd532fb7a5cbc8f58707779e64f03a258c2bf8bfbaecfcd9970b519 \
    --hash=sha256:a2a5e1d0ff29adddc9f6d6821a66302e4493f8ca898b715b6b1182c2c201ea0a \
    --hash=sha256:a39ac25a9a2fa4072efdb429833c4a4c8009a51ff9eea3eeae131713cd27991e \
    --hash=sha256:a91c17edf6eea2402cb5457b4c89e99bc5ed1004aa34c4adf1d4258c1a5c22c2 \
    --hash=sha256:acf8a67ba51f4ca9ddbd0e6b3000a65ac51ab734661778b3e7ba64d99a710f2f \
    --hash=sha256:b49924c73a235e969511bf2aabdff3beebf9820931f646c80274d5d780010c47 \
    --hash=sha256:b7ca9034437b6022f941f4857459562ee00a560b97e7cce8a0ec5a74fc6766e0 \
    --hash=sha256:b98134087d9de723658d17a42c7d0da8d6e2ef08015dee7dc93889047315f5e4 \
    --hash=sha256:b9fe6fb92520e3fd61f2e49000b6911b188824f089b75973ea06d6267f0b476d \
    --hash=sha256:bce57638e08ac148e5778cce7feb968307a727d66f8e2274a543d0cf0c9ad6a3 \
    --hash=sha256:c1c43ad4339643d70ebb8124e1305a7dab423001eff58bb41a0f731adbc98355 \
    --hash=sha256:c76fe65e607be28c7fd4d56fc3c42b1583aa058ce3408b7ad0fd540171d31f9f \
    --hash=sha256:c7ea57fc63aa7da93a1bd2d644e6577befae10c52c4e36377635eea1056a74f5 \
    --hash=sha256:cdbb78909f52b981d3b2d56b97328d71eb0b974c36bd77c920123a7ebb192829 \
    --hash=sha256:d22a945598fb91236b4dd793a6e42e4f3dd7740bb5aace5ebd7d4c08d13bb575 \
    --hash=sha256:d2f9fc07a8042a8f95925b35c4f04f469707c981fc33245b6ca187cf5d2dd290 \
    --hash=sha256:d925f3d9afd05a8c0fb3a1031463a8d59ebe5e2afad297e29c78be19e13b4e62 \
    --hash=sha256:e64e88d5585bea9ce95861079de72006c7fa6d3df4e3a3b65ba31eb979c15c9f \
    --hash=sha256:e652ab17569c94bff5475520f907b7148b8c24036a8ebbe5cf7cf7493d28579a \
    --hash=sha256:e7b891faeedeafba41b2983e5001a81b6a915b69544c7e7570d1989ce1c36ac7 \
    --hash=sha256:e80675d75ae2cd14372cb65cad5400d9347a3d3f6c13000183f22dfd027283ed \
    --hash=sha256:e9c134bb666dd54b778b9fc0d2b50cbb7f979b9e3716f26a88c9ab3b6fc1dd0f \
    --hash=sha256:efd62a42486f1bda5d24cb4f63d15a3c7768375fe83d36f9417b4ad7a2fb20b3 \
    --hash=sha256:f332f0e72a5a0400141f830744e141bf9f97917878dbe968669e8a7fefea78ff \
    --hash=sha256:f7b0ec93a2893de856652154d73b7ba622f26fa97726487dcac373de5f4c6084 \
    --hash=sha256:fa10ef4112775900e7a0661068635eb67b2ab824fbde764de6e0e21982a93db0 \
    --hash=sha256:ff218293c9c806138dca139765e3b067621be52bcd93cdc14c7711be7ddc90a9
    # via pydantic
pyyaml==6.0.3 \
    --hash=sha256:00c4bdeba853cc34e7dd471f16b4114f4162dc03e6b7afcc2128711f0eca823c \
    --hash=sha256:02893d100e99e03eda1c8fd5c441d8c60103fd175728e23e431db1b589cf5ab3 \
    --hash=sha256:0f29edc409a6392443abf94b9cf89ce99889a1dd5376d94316ae5145dfedd5d6 \
    --hash=sha256:16249ee61e95f858e83976573de0f5b2893b3677ba71c9dd36b9cf8be9ac6d65 \
    --hash=sha256:2283a07e2c21a2aa78d9c4442724ec1eb15f5e42a723b99cb3d822d48f5f7ad1 \
    --hash=sha256:34d5fcd24b8445fadc33f9cf348c1047101756fd760b4dacb5c3e99755703310 \
    --hash=sha256:41715c910c881bc081f1e8872880d3c650acf13dfa8214bad49ed4cede7c34ea \
    --hash=sha256:4a2e8cebe2ff6ab7d1050ecd59c25d4c8bd7e6f400f5f82b96557ac0abafd0ac \
    --hash=sha256:4ad1906908f2f5ae4e5a8ddfce73c320c2a1429ec52eafd27138b7f1cbe341c9 \
    --hash=sha256:501a031947e3a9025ed4405a168e6ef5ae3126c59f90ce0cd6f2bfc477be31b7 \
    --hash=sha256:5190d403f121660ce8d1d2c1bb2ef1bd05b5f68533fc5c2ea899bd15f4399b35 \
    --hash=sha256:5498cd1645aa724a7c71c8f378eb29ebe23da2fc0d7a08071d89469bf1d2defb \
    --hash=sha256:5fcd34e47f6e0b794d17de1b4ff496c00986e1c83f7ab2fb8fcfe9616ff7477b \
    --hash=sha256:5fdec68f91a0c6739b380c83b951e2c72ac0197ace422360e6d5a959d8d97b2c \
    --hash=sha256:64386e5e707d03a7e172c0701abfb7e10f0fb753ee1d773128192742712a98fd \
    --hash=sha256:66e1674c3ef6f541c35191caae2d429b967b99e02040f5ba928632d9a7f0f065 \
    --hash=sha256:6adc77889b628398debc7b65c073bcb99c4a0237b248cacaf3fe8a557563ef6c \
    --hash=sha256:79005a0d97d5ddabfeeea4cf676af11e647e41d81c9a7722a193022accdb6b7c \
    --hash=sha256:7c6610def4f163542a622a73fb39f534f8c101d690126992300bf3207eab9764 \
    --hash=sha256:7f047e29dcae44602496db43be01ad42fc6f1cc0d8cd6c83d342306c32270196 \
    --hash=sha256:8d1fab6bb153a416f9aeb4b8763bc0f22a5586065f86f7664fc23339fc1c1fac \
    --hash=sha256:8da9669d359f02c0b91ccc01cac4a67f16afec0dac22c2ad09f46bee0697eba8 \
    --hash=sha256:8dc52c23056b9ddd46818a57b78404882310fb473d63f17b07d5c40421e47f8e \
    --hash=sha256:9149cad251584d5fb4981be1ecde53a1ca46c891a79788c0df828d2f166bda28 \
    --hash=sha256:93dda82c9c22deb0a405ea4dc5f2d0cda384168e466364dec6255b293923b2f3 \
    --hash=sha256:96b533f0e99f6579b3d4d4995707cf36df9100d67e0c8303a0c55b27b5f99bc5 \
    --hash=sha256:a33284e20b78bd4a18c8c2282d549d10bc8408a2a7ff57653c0cf0b9be0afce5 \
    --hash=sha256:a80cb027f6b349846a3bf6d73b5e95e782175e52f22108cfa17876aaeff93702 \
    --hash=sha256:b3bc83488de33889877a0f2543ade9f70c67d66d9ebb4ac959502e12de895788 \
    --hash=sha256:ba1cc08a7ccde2d2ec775841541641e4548226580ab850948cbfda66a1befcdc \
    --hash=sha256:c1ff362665ae507275af2853520967820d9124984e0f7466736aea23d8611fba \
    --hash=sha256:c458b6d084f9b935061bc36216e8a69a7e293a2f1e68bf956dcd9e6cbcd143f5 \
    --hash=sha256:d0eae10f8159e8fdad514efdc92d74fd8d682c933a6dd088030f3834bc8e6b26 \
    --hash=sha256:d76623373421df22fb4cf8817020cbb7ef15c725b9d5e45f17e189bfc384190f \
    --hash=sha256:ebc55a14a21cb14062aa4162f906cd962b28e2e9ea38f9b4391244cd8de4ae0b \
    --hash=sha256:eda16858a3cab07b80edaf74336ece1f986ba330fdb8ee0d6c0d68fe82bc96be \
    --hash=sha256:ee2922902c45ae8ccada2c5b501ab86c36525b883eff4255313a253a3160861c \
    --hash=sha256:f7057c9a337546edc7973c0d3ba84ddcdf0daa14533c2065749c9075001090e6 \
    --hash=sha256:fc09d0aa354569bc501d4e787133afc08552722d3ab34836a80547331bb5d4a0
    # via pm-data-platform
setuptools==84.0.0 \
    --hash=sha256:51a52592b3b99e102b609654876bd65f19f999935166d1352678931132b0c670 \
    --hash=sha256:f4695c21257f0d9b537ec2692c941d02ee143b7cc1276941349a546573b2ef73
    # via
    #   hdrhistogram
    #   pbr
starlette==1.7.0 \
    --hash=sha256:67f8e99895493dd2911a03f11314af6ceebeae4e704bb9f43dfc6a9db151c93e \
    --hash=sha256:c79f74ea63cff761804fbbfb182f1e0b440c2d07b164d24700c5a1bab5d6ff5d
    # via fastapi
typing-extensions==4.16.0 \
    --hash=sha256:481caa481374e813c1b176ada14e97f1f67a4539ce9cfeb3f350d78d6370c2e8 \
    --hash=sha256:dc983d19a509c94dba722ee6abd33940f7c05a89e243c47e907eb4db6f1a43e5
    # via
    #   anyio
    #   fastapi
    #   opentelemetry-api
    #   pydantic
    #   pydantic-core
    #   starlette
    #   typing-inspection
typing-inspection==0.4.4 \
    --hash=sha256:547274fa6b0a561ccf549cc9524b999a578e737d015d8709d021f9d0d13bea47 \
    --hash=sha256:65b8397ba37ccbce054456aaccddfc91e6e3083c92824df348d96ca832f3f147
    # via
    #   fastapi
    #   pydantic
uvicorn==0.54.0 \
    --hash=sha256:505bdb0f318731d45f1f712071fc781a8981f6847a31c902c9f5e652d4f67faf \
    --hash=sha256:a2e33cbfaa0306f8e6b0c13e0cb89d7d7a2da3e62b90c66e18c33d9807b28620
    # via pm-data-platform
websockets==16.1.1 \
    --hash=sha256:01fbdcbac298efe19360b94bc0039c8f746f0220ba570f327577bfee81059175 \
    --hash=sha256:024193f8551a2b0eafbdd160911012c4e6c228c28430c84433253299a9e42d6a \
    --hash=sha256:056ae37939ed7e9974f364f5864e76e49182622d8f9751ac1903c0d09b013985 \
    --hash=sha256:0f62863e8a00a6d33c3d6566ec0b89f23787b747ffe0c3bc71ec0e76b82c94b1 \
    --hash=sha256:0ffd3031ea8bda8d61762e84220186105ba3b748b3c8da2ae4f7816fac03e573 \
    --hash=sha256:195c978b065fa40910582464f99d6b15c8b314c68e0546549a55ed83f4735328 \
    --hash=sha256:1d27fa8462ad6a1cb36206a3d0640b2333340def181fae11ed7f9adeaa5c0747 \
    --hash=sha256:1db4de4a0e95673f7545d393c49eeb0c2f18ac1ef93073218c79d5cdb2ee75ab \
    --hash=sha256:1f79c89b5eb034d1722938a891916582f8f7f503f58ca22518a63c3f2cd18499 \
    --hash=sha256:23253dd5bcae3f9aaee0a1d30967a8dbd52e5d3cff93a2e5b84df57b77d4750d \
    --hash=sha256:249116b4a76063d930a46391ad56e135c286e4562a18309029fc2c73f4ed4c62 \
    --hash=sha256:2a606d9c24035242a3e256e9d5b77ed9cd6bccfcb7cf993e5ca3c0f6f68fb6a7 \
    --hash=sha256:2a636ff1e7a5c4edf71ef0e79adae7f25dba93b4fcbe3dc958733477ffeb0eaf \
    --hash=sha256:2bb5d041a8307d2e18782e7ce777f6fdb1e8c2f5d09291484b18c294b789d9aa \
    --hash=sha256:38565aca3e01ea8734e578fb2118dade0ecb0250533f29e22b8d1a7a196cf4d0 \
    --hash=sha256:39f2a024af5c345ffe8fcf1ee18c049c024c94df393bb09b044a6917c77bde43 \
    --hash=sha256:3df13f73af9b3b38ab1195eb299ecb67a4330c911c97ae04043ff74085728abe \
    --hash=sha256:414e596c75f74e0994084694189d7dc9229fb278e33064d6784b73ffbba3ca31 \
    --hash=sha256:41c8e77f17294c0ac18008a7309b99b34ee72247ef10b6dff4c3f8b5ac29896b \
    --hash=sha256:42290eb6db4ccaca7012656738214f8514082fb6fa40cdeb61bb9a471b52e383 \
    --hash=sha256:42f599f4d48c7e1a3338fdaac3acd075be3b3cf02d4b274f3bf2767aedd3d217 \
    --hash=sha256:43e3a9fdd7cbf7ba6040c31fae0faf84ca1474fef777c4e37912f1540f854499 \
    --hash=sha256:443aefe96b7fdb132e2a70806cca1f2af49bb3f28e47abcd7c2e9dcf4d8fa1b8 \
    --hash=sha256:46dcaa042cd1de6c59e7d9269fa63ff7572b6df40510600b678f0826b3c7af51 \
    --hash=sha256:496af849a472b531f758dbd4d61338f5000538cb1a7b3d20d9d32a264517f509 \
    --hash=sha256:4b57693728576d84ede0a77987ab16881b783d2cd9f1dc180a8fbbc3f79c4428 \
    --hash=sha256:4e3b680b1e0a27457e727a0d572fd81dffa87b6dbf8b228ab57da64f7d85aead \
    --hash=sha256:4e8d01cc3bcae7bbf8167f944aeafefed590fae5693552bba9794a9df68371cc \
    --hash=sha256:5283810d2646741a0d8da2aa733d6aefa0545809afccb2a5d105a26bc45125f1 \
    --hash=sha256:53260c8930da5771cec89439bff99c20c8cb03ddb9588b980697355a83cd4bd3 \
    --hash=sha256:536676848fc5961aca9d20389951f59169508f765637a172403dc5434d722fa0 \
    --hash=sha256:54509b8e92fee4453e152b7558ddef37ce9705a044922f2095a6105e3f80c96f \
    --hash=sha256:5e3b7d601f6f84156b08cc4a5e541c2b50ad7b36cfc302b657a12477c904a5df \
    --hash=sha256:61922544a0587a13fd3f53e4c0e5e606510c7b0d9d22c8444e5fae22a06b38cb \
    --hash=sha256:6456ff333092d509127d75a638cb411afae8ff17f092635015d1902efec8a293 \
    --hash=sha256:69159730a823dde3ea8d08783e8d47ef135a6d7e8d44eb127e32b321c9db8e3e \
    --hash=sha256:69e52d175a0a7d1e13b4b67ad41c560b7d98e8c6f6126eb0bda496c784faf8c7 \
    --hash=sha256:6abbd3e82c731c8e531714466acd5d87b5e88ac3243465337ba71d68e23ae7e3 \
    --hash=sha256:79eace538c6a97e96d0d03d4f9d314f9677f5ed85a8a984992ffd90b13cb8a56 \
    --hash=sha256:7b1b19636af86a3c7995d4d028dbe376f39b4bf31541146f9c123582a6c94562 \
    --hash=sha256:8087e82f842609734c9b5a1330464f8e94e346ba0e18c832c08bafa4b0d63c15 \
    --hash=sha256:8483c2096363120eea8b07c06ae7304d520f686665fffd4811fad423930a65d7 \
    --hash=sha256:84a2cef8deffbd9ab8ee0ea546a2a6a7030c28f44e6cdd4547dbfeb489eb8999 \
    --hash=sha256:92b820d345f7a3fc7b8163949ee92df910f290c3fc517b3d5301c78065adafe1 \
    --hash=sha256:952303a7318d4cbe1011400839bb2051c9f84fa0a35923267f5daba34b15d458 \
    --hash=sha256:97fd3a0e8b53efa41970ac1dff3d8cf0d2884cadeb4caaf95db7ad1526926ee3 \
    --hash=sha256:9c1c5705e314449e3308872fe084b8571ce078ee4fc55a98a769bdefe5917392 \
    --hash=sha256:9f63bcef7f4b02b06b35fc01c93b96c43b5e88e1e8868676caacf493d5a31f3a \
    --hash=sha256:a0eadbbf2c30f01efa58e1f110eb6fa293261f6b0b1aa38f7f48707107690af9 \
    --hash=sha256:a28fcbc9b6baf54a2e23f8655f308e4ccc6afdd7266f8fe7954f320dcda0f785 \
    --hash=sha256:aabe464bfd13bd25f4821faf111da6fefdc389f870265a53105580e45b0a2e49 \
    --hash=sha256:ab59169ace05dcb49a1d4118f0bde139557adf45091bd85747e36bf5de984dd1 \
    --hash=sha256:b436f6ec4fc3a6b4237c84d3f83170ed2b40bb584222f0ac47a0c8a5921980c7 \
    --hash=sha256:bae954c382e013d5ea5b190d2830526bfa45ad121c326da0049b8c769f185db6 \
    --hash=sha256:bcce07e23e5769375158f5efdcdafa8d5cd014b93c6683865b840ed65b96f231 \
    --hash=sha256:cc97814dfb786a83b6e2dc2e79351e1b83e6d715647d6887fcabd83026417a00 \
    --hash=sha256:cd2ca96a082a36964aca83e992f72abeb61b7306c1a6cba4c7d06a7b93750cac \
    --hash=sha256:cfb70b4eb56cac4da0a83588f3ad50d46beb0690391082f3d4e2d488c70b68ea \
    --hash=sha256:d6bec75c290fe484a8ba4cacdf838501e17c06ecfbbf31eede81a9e431bd7751 \
    --hash=sha256:d9531d9cbeac99af6f038fb1bc351403531f7d634a2c2e10e2f7c854c6ed5b68 \
    --hash=sha256:dab9eb87869da2d6ed3af3f3adf28414baae6ec9d4df355ffc18889132f3436c \
    --hash=sha256:db234eda965dcce15df96bb9709f587cd87d4d52aaf0e80e2f34ec04c7670c57 \
    --hash=sha256:dcc04fedf83effaeb9cce98abc9469bb1b42ef85f03e01c8c1f4438ef7555737 \
    --hash=sha256:e047dc87ef7ca50f4d309bf775ad4a71711c58556d75d7bd0604b2317f43e94b \
    --hash=sha256:e09f753a169951eb4f28c2c774f71069304f66e7277e0f5a2892423599cfa854 \
    --hash=sha256:ed5bb271084b46530ee2ddc0410537a9961152c5ccba2fc98c5276d992ccba87 \
    --hash=sha256:f0aa4aad3b1b69ad3fd85a0fd0952ec64331c762bd77ec51cc814170873890b2 \
    --hash=sha256:f17dbe07eb3ea7f99e4df9b7e0efefe80fbf30d37a8cc4d561a0aed310bc8847 \
    --hash=sha256:f5d497865f05bb222cab7016c6034542e84e5f29f49c6fd3f4939cda7197b5b8 \
    --hash=sha256:fce6c48559c86d1ac3632ccb1bebc7d5442fbe79bd9bb0e40379ee54be2a4051
    # via pm-data-platform
